
Microsoft Visual Studio Solution File, Format Version 12.00
# Visual Studio 15
VisualStudioVersion = 15.0.27428.2015
MinimumVisualStudioVersion = 10.0.40219.1
Project("{FAE04EC0-301F-11D3-BF4B-00C04F79EFBC}") = "LeadGen.Code", "LeadGen.Code\LeadGen.Code.csproj", "{4191DA92-7DAB-4E4D-AD01-F53D36857CBD}"
EndProject
Project("{FAE04EC0-301F-11D3-BF4B-00C04F79EFBC}") = "LeadGen.Debug", "LeadGen.Debug\LeadGen.Debug.csproj", "{DE25EDEB-0E3F-438B-9ABD-5B11C0BE3444}"
EndProject
Project("{FAE04EC0-301F-11D3-BF4B-00C04F79EFBC}") = "LeadGen.Importer", "LeadGen.Importer\LeadGen.Importer.csproj", "{BD6DFB41-5C90-4366-9A84-FA8183EF0278}"
EndProject
Global
	GlobalSection(SolutionConfigurationPlatforms) = preSolution
		Debug|Any CPU = Debug|Any CPU
		Release|Any CPU = Release|Any CPU
	EndGlobalSection
	GlobalSection(ProjectConfigurationPlatforms) = postSolution
		{4191DA92-7DAB-4E4D-AD01-F53D36857CBD}.Debug|Any CPU.ActiveCfg = Debug|Any CPU
		{4191DA92-7DAB-4E4D-AD01-F53D36857CBD}.Debug|Any CPU.Build.0 = Debug|Any CPU
		{4191DA92-7DAB-4E4D-AD01-F53D36857CBD}.Release|Any CPU.ActiveCfg = Release|Any CPU
		{4191DA92-7DAB-4E4D-AD01-F53D36857CBD}.Release|Any CPU.Build.0 = Release|Any CPU
		{DE25EDEB-0E3F-438B-9ABD-5B11C0BE3444}.Debug|Any CPU.ActiveCfg = Debug|Any CPU
		{DE25EDEB-0E3F-438B-9ABD-5B11C0BE3444}.Debug|Any CPU.Build.0 = Debug|Any CPU
		{DE25EDEB-0E3F-438B-9ABD-5B11C0BE3444}.Release|Any CPU.ActiveCfg = Release|Any CPU
		{DE25EDEB-0E3F-438B-9ABD-5B11C0BE3444}.Release|Any CPU.Build.0 = Release|Any CPU
		{BD6DFB41-5C90-4366-9A84-FA8183EF0278}.Debug|Any CPU.ActiveCfg = Debug|Any CPU
		{BD6DFB41-5C90-4366-9A84-FA8183EF0278}.Debug|Any CPU.Build.0 = Debug|Any CPU
		{BD6DFB41-5C90-4366-9A84-FA8183EF0278}.Release|Any CPU.ActiveCfg = Release|Any CPU
		{BD6DFB41-5C90-4366-9A84-FA8183EF0278}.Release|Any CPU.Build.0 = Release|Any CPU
	EndGlobalSection
	GlobalSection(SolutionProperties) = preSolution
		HideSolutionNode = FALSE
	EndGlobalSection
	GlobalSection(ExtensibilityGlobals) = postSolution
		SolutionGuid = {50969322-2FE7-4BDC-ACDD-83AA35AFB5FA}
	EndGlobalSection
EndGlobal
